
Microsoft Visual Studio Solution File, Format Version 12.00
# Visual Studio 2013
VisualStudioVersion = 12.0.21005.1
MinimumVisualStudioVersion = 10.0.40219.1
Project("{FAE04EC0-301F-11D3-BF4B-00C04F79EFBC}") = "Nsa.LojaVirtual.Dominio", "Nsa.LojaVirtual.Dominio\Nsa.LojaVirtual.Dominio.csproj", "{6F701D16-8903-4656-B28A-25CAE349D831}"
EndProject
Project("{FAE04EC0-301F-11D3-BF4B-00C04F79EFBC}") = "Nsa.LojaVirtua.Web", "Nsa.LojaVirtua.Web\Nsa.LojaVirtua.Web.csproj", "{6BE2447E-1ABB-4DAA-A1A4-FA33389B8D21}"
EndProject
Project("{FAE04EC0-301F-11D3-BF4B-00C04F79EFBC}") = "Nsa.LojaVirtual.UnitTest", "Nsa.LojaVirtual.UnitTest\Nsa.LojaVirtual.UnitTest.csproj", "{08EE67D1-F26B-4822-A168-748E1D0F2052}"
EndProject
Global
	GlobalSection(SolutionConfigurationPlatforms) = preSolution
		Debug|Any CPU = Debug|Any CPU
		Release|Any CPU = Release|Any CPU
	EndGlobalSection
	GlobalSection(ProjectConfigurationPlatforms) = postSolution
		{6F701D16-8903-4656-B28A-25CAE349D831}.Debug|Any CPU.ActiveCfg = Debug|Any CPU
		{6F701D16-8903-4656-B28A-25CAE349D831}.Debug|Any CPU.Build.0 = Debug|Any CPU
		{6F701D16-8903-4656-B28A-25CAE349D831}.Release|Any CPU.ActiveCfg = Release|Any CPU
		{6F701D16-8903-4656-B28A-25CAE349D831}.Release|Any CPU.Build.0 = Release|Any CPU
		{6BE2447E-1ABB-4DAA-A1A4-FA33389B8D21}.Debug|Any CPU.ActiveCfg = Debug|Any CPU
		{6BE2447E-1ABB-4DAA-A1A4-FA33389B8D21}.Debug|Any CPU.Build.0 = Debug|Any CPU
		{6BE2447E-1ABB-4DAA-A1A4-FA33389B8D21}.Release|Any CPU.ActiveCfg = Release|Any CPU
		{6BE2447E-1ABB-4DAA-A1A4-FA33389B8D21}.Release|Any CPU.Build.0 = Release|Any CPU
		{08EE67D1-F26B-4822-A168-748E1D0F2052}.Debug|Any CPU.ActiveCfg = Debug|Any CPU
		{08EE67D1-F26B-4822-A168-748E1D0F2052}.Debug|Any CPU.Build.0 = Debug|Any CPU
		{08EE67D1-F26B-4822-A168-748E1D0F2052}.Release|Any CPU.ActiveCfg = Release|Any CPU
		{08EE67D1-F26B-4822-A168-748E1D0F2052}.Release|Any CPU.Build.0 = Release|Any CPU
	EndGlobalSection
	GlobalSection(SolutionProperties) = preSolution
		HideSolutionNode = FALSE
	EndGlobalSection
EndGlobal
